
Microsoft Visual Studio Solution File, Format Version 12.00
# Visual Studio Version 16
VisualStudioVersion = 16.0.30907.101
MinimumVisualStudioVersion = 10.0.40219.1
Project("{9A19103F-16F7-4668-BE54-9A1E7A4F7556}") = "SolvingProblems", "SolvingProblems\SolvingProblems.csproj", "{D2EF1C12-6698-476B-90F2-8E9216BF7616}"
EndProject
Project("{9A19103F-16F7-4668-BE54-9A1E7A4F7556}") = "SolvingProblems.Tests", "SolvingProblems.Tests\SolvingProblems.Tests.csproj", "{80375B80-59E8-4D3A-8363-9897B95D7482}"
EndProject
Project("{FAE04EC0-301F-11D3-BF4B-00C04F79EFBC}") = "SolvingProblems.Core", "SolvingProblems.Core\SolvingProblems.Core.csproj", "{F42DFBE6-D55D-4D8B-9E23-E631673F6C62}"
EndProject
Global
	GlobalSection(SolutionConfigurationPlatforms) = preSolution
		Debug|Any CPU = Debug|Any CPU
		Release|Any CPU = Release|Any CPU
	EndGlobalSection
	GlobalSection(ProjectConfigurationPlatforms) = postSolution
		{D2EF1C12-6698-476B-90F2-8E9216BF7616}.Debug|Any CPU.ActiveCfg = Debug|Any CPU
		{D2EF1C12-6698-476B-90F2-8E9216BF7616}.Debug|Any CPU.Build.0 = Debug|Any CPU
		{D2EF1C12-6698-476B-90F2-8E9216BF7616}.Release|Any CPU.ActiveCfg = Release|Any CPU
		{D2EF1C12-6698-476B-90F2-8E9216BF7616}.Release|Any CPU.Build.0 = Release|Any CPU
		{80375B80-59E8-4D3A-8363-9897B95D7482}.Debug|Any CPU.ActiveCfg = Debug|Any CPU
		{80375B80-59E8-4D3A-8363-9897B95D7482}.Debug|Any CPU.Build.0 = Debug|Any CPU
		{80375B80-59E8-4D3A-8363-9897B95D7482}.Release|Any CPU.ActiveCfg = Release|Any CPU
		{80375B80-59E8-4D3A-8363-9897B95D7482}.Release|Any CPU.Build.0 = Release|Any CPU
		{F42DFBE6-D55D-4D8B-9E23-E631673F6C62}.Debug|Any CPU.ActiveCfg = Debug|Any CPU
		{F42DFBE6-D55D-4D8B-9E23-E631673F6C62}.Debug|Any CPU.Build.0 = Debug|Any CPU
		{F42DFBE6-D55D-4D8B-9E23-E631673F6C62}.Release|Any CPU.ActiveCfg = Release|Any CPU
		{F42DFBE6-D55D-4D8B-9E23-E631673F6C62}.Release|Any CPU.Build.0 = Release|Any CPU
	EndGlobalSection
	GlobalSection(SolutionProperties) = preSolution
		HideSolutionNode = FALSE
	EndGlobalSection
	GlobalSection(ExtensibilityGlobals) = postSolution
		SolutionGuid = {6B302E9C-9661-40B8-A5E3-04A58C114E8E}
	EndGlobalSection
EndGlobal
